
Microsoft Visual Studio Solution File, Format Version 12.00
# Visual Studio 15
VisualStudioVersion = 15.0.28307.329
MinimumVisualStudioVersion = 10.0.40219.1
Project("{FAE04EC0-301F-11D3-BF4B-00C04F79EFBC}") = "Online.Payment.Ghabz", "Online.Payment.Ghabz\Online.Payment.Ghabz.csproj", "{B050FB01-BAA8-4FB3-8ACF-C1688044B947}"
EndProject
Global
	GlobalSection(SolutionConfigurationPlatforms) = preSolution
		Debug|Any CPU = Debug|Any CPU
		Release|Any CPU = Release|Any CPU
	EndGlobalSection
	GlobalSection(ProjectConfigurationPlatforms) = postSolution
		{B050FB01-BAA8-4FB3-8ACF-C1688044B947}.Debug|Any CPU.ActiveCfg = Debug|Any CPU
		{B050FB01-BAA8-4FB3-8ACF-C1688044B947}.Debug|Any CPU.Build.0 = Debug|Any CPU
		{B050FB01-BAA8-4FB3-8ACF-C1688044B947}.Release|Any CPU.ActiveCfg = Release|Any CPU
		{B050FB01-BAA8-4FB3-8ACF-C1688044B947}.Release|Any CPU.Build.0 = Release|Any CPU
	EndGlobalSection
	GlobalSection(SolutionProperties) = preSolution
		HideSolutionNode = FALSE
	EndGlobalSection
	GlobalSection(ExtensibilityGlobals) = postSolution
		SolutionGuid = {73DD3673-A21E-4A63-A9D9-CD380835D612}
	EndGlobalSection
EndGlobal
